// !$*UTF8*$!
{
	archiveVersion = 1;
	classes = {
	};
	objectVersion = 56;
	objects = {

/* Begin PBXBuildFile section */
		124748EE29B1F8C5009A3510 /* AppDelegate.swift in Sources */ = {isa = PBXBuildFile; fileRef = 124748ED29B1F8C5009A3510 /* AppDelegate.swift */; };
		124748F029B1F8C5009A3510 /* SceneDelegate.swift in Sources */ = {isa = PBXBuildFile; fileRef = 124748EF29B1F8C5009A3510 /* SceneDelegate.swift */; };
		124748F229B1F8C5009A3510 /* ViewController.swift in Sources */ = {isa = PBXBuildFile; fileRef = 124748F129B1F8C5009A3510 /* ViewController.swift */; };
		124748F529B1F8C5009A3510 /* Main.storyboard in Resources */ = {isa = PBXBuildFile; fileRef = 124748F329B1F8C5009A3510 /* Main.storyboard */; };
		124748F729B1F8C8009A3510 /* Assets.xcassets in Resources */ = {isa = PBXBuildFile; fileRef = 124748F629B1F8C8009A3510 /* Assets.xcassets */; };
		124748FA29B1F8C8009A3510 /* LaunchScreen.storyboard in Resources */ = {isa = PBXBuildFile; fileRef = 124748F829B1F8C8009A3510 /* LaunchScreen.storyboard */; };
		1247490529B1F8C8009A3510 /* Not_UygulamasiTests.swift in Sources */ = {isa = PBXBuildFile; fileRef = 1247490429B1F8C8009A3510 /* Not_UygulamasiTests.swift */; };
		1247490F29B1F8C8009A3510 /* Not_UygulamasiUITests.swift in Sources */ = {isa = PBXBuildFile; fileRef = 1247490E29B1F8C8009A3510 /* Not_UygulamasiUITests.swift */; };
		1247491129B1F8C8009A3510 /* Not_UygulamasiUITestsLaunchTests.swift in Sources */ = {isa = PBXBuildFile; fileRef = 1247491029B1F8C8009A3510 /* Not_UygulamasiUITestsLaunchTests.swift */; };
/* End PBXBuildFile section */

/* Begin PBXContainerItemProxy section */
		1247490129B1F8C8009A3510 /* PBXContainerItemProxy */ = {
			isa = PBXContainerItemProxy;
			containerPortal = 124748E229B1F8C5009A3510 /* Project object */;
			proxyType = 1;
			remoteGlobalIDString = 124748E929B1F8C5009A3510;
			remoteInfo = "Not Uygulamasi";
		};
		1247490B29B1F8C8009A3510 /* PBXContainerItemProxy */ = {
			isa = PBXContainerItemProxy;
			containerPortal = 124748E229B1F8C5009A3510 /* Project object */;
			proxyType = 1;
			remoteGlobalIDString = 124748E929B1F8C5009A3510;
			remoteInfo = "Not Uygulamasi";
		};
/* End PBXContainerItemProxy section */

/* Begin PBXFileReference section */
		124748EA29B1F8C5009A3510 /* Not Uygulamasi.app */ = {isa = PBXFileReference; explicitFileType = wrapper.application; includeInIndex = 0; path = "Not Uygulamasi.app"; sourceTree = BUILT_PRODUCTS_DIR; };
		124748ED29B1F8C5009A3510 /* AppDelegate.swift */ = {isa = PBXFileReference; lastKnownFileType = sourcecode.swift; path = AppDelegate.swift; sourceTree = "<group>"; };
		124748EF29B1F8C5009A3510 /* SceneDelegate.swift */ = {isa = PBXFileReference; lastKnownFileType = sourcecode.swift; path = SceneDelegate.swift; sourceTree = "<group>"; };
		124748F129B1F8C5009A3510 /* ViewController.swift */ = {isa = PBXFileReference; lastKnownFileType = sourcecode.swift; path = ViewController.swift; sourceTree = "<group>"; };
		124748F429B1F8C5009A3510 /* Base */ = {isa = PBXFileReference; lastKnownFileType = file.storyboard; name = Base; path = Base.lproj/Main.storyboard; sourceTree = "<group>"; };
		124748F629B1F8C8009A3510 /* Assets.xcassets */ = {isa = PBXFileReference; lastKnownFileType = folder.assetcatalog; path = Assets.xcassets; sourceTree = "<group>"; };
		124748F929B1F8C8009A3510 /* Base */ = {isa = PBXFileReference; lastKnownFileType = file.storyboard; name = Base; path = Base.lproj/LaunchScreen.storyboard; sourceTree = "<group>"; };
		124748FB29B1F8C8009A3510 /* Info.plist */ = {isa = PBXFileReference; lastKnownFileType = text.plist.xml; path = Info.plist; sourceTree = "<group>"; };
		1247490029B1F8C8009A3510 /* Not UygulamasiTests.xctest */ = {isa = PBXFileReference; explicitFileType = wrapper.cfbundle; includeInIndex = 0; path = "Not UygulamasiTests.xctest"; sourceTree = BUILT_PRODUCTS_DIR; };
		1247490429B1F8C8009A3510 /* Not_UygulamasiTests.swift */ = {isa = PBXFileReference; lastKnownFileType = sourcecode.swift; path = Not_UygulamasiTests.swift; sourceTree = "<group>"; };
		1247490A29B1F8C8009A3510 /* Not UygulamasiUITests.xctest */ = {isa = PBXFileReference; explicitFileType = wrapper.cfbundle; includeInIndex = 0; path = "Not UygulamasiUITests.xctest"; sourceTree = BUILT_PRODUCTS_DIR; };
		1247490E29B1F8C8009A3510 /* Not_UygulamasiUITests.swift */ = {isa = PBXFileReference; lastKnownFileType = sourcecode.swift; path = Not_UygulamasiUITests.swift; sourceTree = "<group>"; };
		1247491029B1F8C8009A3510 /* Not_UygulamasiUITestsLaunchTests.swift */ = {isa = PBXFileReference; lastKnownFileType = sourcecode.swift; path = Not_UygulamasiUITestsLaunchTests.swift; sourceTree = "<group>"; };
/* End PBXFileReference section */

/* Begin PBXFrameworksBuildPhase section */
		124748E729B1F8C5009A3510 /* Frameworks */ = {
			isa = PBXFrameworksBuildPhase;
			buildActionMask = 2147483647;
			files = (
			);
			runOnlyForDeploymentPostprocessing = 0;
		};
		124748FD29B1F8C8009A3510 /* Frameworks */ = {
			isa = PBXFrameworksBuildPhase;
			buildActionMask = 2147483647;
			files = (
			);
			runOnlyForDeploymentPostprocessing = 0;
		};
		1247490729B1F8C8009A3510 /* Frameworks */ = {
			isa = PBXFrameworksBuildPhase;
			buildActionMask = 2147483647;
			files = (
			);
			runOnlyForDeploymentPostprocessing = 0;
		};
/* End PBXFrameworksBuildPhase section */

/* Begin PBXGroup section */
		124748E129B1F8C5009A3510 = {
			isa = PBXGroup;
			children = (
				124748EC29B1F8C5009A3510 /* Not Uygulamasi */,
				1247490329B1F8C8009A3510 /* Not UygulamasiTests */,
				1247490D29B1F8C8009A3510 /* Not UygulamasiUITests */,
				124748EB29B1F8C5009A3510 /* Products */,
			);
			sourceTree = "<group>";
		};
		124748EB29B1F8C5009A3510 /* Products */ = {
			isa = PBXGroup;
			children = (
				124748EA29B1F8C5009A3510 /* Not Uygulamasi.app */,
				1247490029B1F8C8009A3510 /* Not UygulamasiTests.xctest */,
				1247490A29B1F8C8009A3510 /* Not UygulamasiUITests.xctest */,
			);
			name = Products;
			sourceTree = "<group>";
		};
		124748EC29B1F8C5009A3510 /* Not Uygulamasi */ = {
			isa = PBXGroup;
			children = (
				124748ED29B1F8C5009A3510 /* AppDelegate.swift */,
				124748EF29B1F8C5009A3510 /* SceneDelegate.swift */,
				124748F129B1F8C5009A3510 /* ViewController.swift */,
				124748F329B1F8C5009A3510 /* Main.storyboard */,
				124748F629B1F8C8009A3510 /* Assets.xcassets */,
				124748F829B1F8C8009A3510 /* LaunchScreen.storyboard */,
				124748FB29B1F8C8009A3510 /* Info.plist */,
			);
			path = "Not Uygulamasi";
			sourceTree = "<group>";
		};
		1247490329B1F8C8009A3510 /* Not UygulamasiTests */ = {
			isa = PBXGroup;
			children = (
				1247490429B1F8C8009A3510 /* Not_UygulamasiTests.swift */,
			);
			path = "Not UygulamasiTests";
			sourceTree = "<group>";
		};
		1247490D29B1F8C8009A3510 /* Not UygulamasiUITests */ = {
			isa = PBXGroup;
			children = (
				1247490E29B1F8C8009A3510 /* Not_UygulamasiUITests.swift */,
				1247491029B1F8C8009A3510 /* Not_UygulamasiUITestsLaunchTests.swift */,
			);
			path = "Not UygulamasiUITests";
			sourceTree = "<group>";
		};
/* End PBXGroup section */

/* Begin PBXNativeTarget section */
		124748E929B1F8C5009A3510 /* Not Uygulamasi */ = {
			isa = PBXNativeTarget;
			buildConfigurationList = 1247491429B1F8C8009A3510 /* Build configuration list for PBXNativeTarget "Not Uygulamasi" */;
			buildPhases = (
				124748E629B1F8C5009A3510 /* Sources */,
				124748E729B1F8C5009A3510 /* Frameworks */,
				124748E829B1F8C5009A3510 /* Resources */,
			);
			buildRules = (
			);
			dependencies = (
			);
			name = "Not Uygulamasi";
			productName = "Not Uygulamasi";
			productReference = 124748EA29B1F8C5009A3510 /* Not Uygulamasi.app */;
			productType = "com.apple.product-type.application";
		};
		124748FF29B1F8C8009A3510 /* Not UygulamasiTests */ = {
			isa = PBXNativeTarget;
			buildConfigurationList = 1247491729B1F8C8009A3510 /* Build configuration list for PBXNativeTarget "Not UygulamasiTests" */;
			buildPhases = (
				124748FC29B1F8C8009A3510 /* Sources */,
				124748FD29B1F8C8009A3510 /* Frameworks */,
				124748FE29B1F8C8009A3510 /* Resources */,
			);
			buildRules = (
			);
			dependencies = (
				1247490229B1F8C8009A3510 /* PBXTargetDependency */,
			);
			name = "Not UygulamasiTests";
			productName = "Not UygulamasiTests";
			productReference = 1247490029B1F8C8009A3510 /* Not UygulamasiTests.xctest */;
			productType = "com.apple.product-type.bundle.unit-test";
		};
		1247490929B1F8C8009A3510 /* Not UygulamasiUITests */ = {
			isa = PBXNativeTarget;
			buildConfigurationList = 1247491A29B1F8C8009A3510 /* Build configuration list for PBXNativeTarget "Not UygulamasiUITests" */;
			buildPhases = (
				1247490629B1F8C8009A3510 /* Sources */,
				1247490729B1F8C8009A3510 /* Frameworks */,
				1247490829B1F8C8009A3510 /* Resources */,
			);
			buildRules = (
			);
			dependencies = (
				1247490C29B1F8C8009A3510 /* PBXTargetDependency */,
			);
			name = "Not UygulamasiUITests";
			productName = "Not UygulamasiUITests";
			productReference = 1247490A29B1F8C8009A3510 /* Not UygulamasiUITests.xctest */;
			productType = "com.apple.product-type.bundle.ui-testing";
		};
/* End PBXNativeTarget section */

/* Begin PBXProject section */
		124748E229B1F8C5009A3510 /* Project object */ = {
			isa = PBXProject;
			attributes = {
				BuildIndependentTargetsInParallel = 1;
				LastSwiftUpdateCheck = 1420;
				LastUpgradeCheck = 1420;
				TargetAttributes = {
					124748E929B1F8C5009A3510 = {
						CreatedOnToolsVersion = 14.2;
					};
					124748FF29B1F8C8009A3510 = {
						CreatedOnToolsVersion = 14.2;
						TestTargetID = 124748E929B1F8C5009A3510;
					};
					1247490929B1F8C8009A3510 = {
						CreatedOnToolsVersion = 14.2;
						TestTargetID = 124748E929B1F8C5009A3510;
					};
				};
			};
			buildConfigurationList = 124748E529B1F8C5009A3510 /* Build configuration list for PBXProject "Not Uygulamasi" */;
			compatibilityVersion = "Xcode 14.0";
			developmentRegion = en;
			hasScannedForEncodings = 0;
			knownRegions = (
				en,
				Base,
			);
			mainGroup = 124748E129B1F8C5009A3510;
			productRefGroup = 124748EB29B1F8C5009A3510 /* Products */;
			projectDirPath = "";
			projectRoot = "";
			targets = (
				124748E929B1F8C5009A3510 /* Not Uygulamasi */,
				124748FF29B1F8C8009A3510 /* Not UygulamasiTests */,
				1247490929B1F8C8009A3510 /* Not UygulamasiUITests */,
			);
		};
/* End PBXProject section */

/* Begin PBXResourcesBuildPhase section */
		124748E829B1F8C5009A3510 /* Resources */ = {
			isa = PBXResourcesBuildPhase;
			buildActionMask = 2147483647;
			files = (
				124748FA29B1F8C8009A3510 /* LaunchScreen.storyboard in Resources */,
				124748F729B1F8C8009A3510 /* Assets.xcassets in Resources */,
				124748F529B1F8C5009A3510 /* Main.storyboard in Resources */,
			);
			runOnlyForDeploymentPostprocessing = 0;
		};
		124748FE29B1F8C8009A3510 /* Resources */ = {
			isa = PBXResourcesBuildPhase;
			buildActionMask = 2147483647;
			files = (
			);
			runOnlyForDeploymentPostprocessing = 0;
		};
		1247490829B1F8C8009A3510 /* Resources */ = {
			isa = PBXResourcesBuildPhase;
			buildActionMask = 2147483647;
			files = (
			);
			runOnlyForDeploymentPostprocessing = 0;
		};
/* End PBXResourcesBuildPhase section */

/* Begin PBXSourcesBuildPhase section */
		124748E629B1F8C5009A3510 /* Sources */ = {
			isa = PBXSourcesBuildPhase;
			buildActionMask = 2147483647;
			files = (
				124748F229B1F8C5009A3510 /* ViewController.swift in Sources */,
				124748EE29B1F8C5009A3510 /* AppDelegate.swift in Sources */,
				124748F029B1F8C5009A3510 /* SceneDelegate.swift in Sources */,
			);
			runOnlyForDeploymentPostprocessing = 0;
		};
		124748FC29B1F8C8009A3510 /* Sources */ = {
			isa = PBXSourcesBuildPhase;
			buildActionMask = 2147483647;
			files = (
				1247490529B1F8C8009A3510 /* Not_UygulamasiTests.swift in Sources */,
			);
			runOnlyForDeploymentPostprocessing = 0;
		};
		1247490629B1F8C8009A3510 /* Sources */ = {
			isa = PBXSourcesBuildPhase;
			buildActionMask = 2147483647;
			files = (
				1247490F29B1F8C8009A3510 /* Not_UygulamasiUITests.swift in Sources */,
				1247491129B1F8C8009A3510 /* Not_UygulamasiUITestsLaunchTests.swift in Sources */,
			);
			runOnlyForDeploymentPostprocessing = 0;
		};
/* End PBXSourcesBuildPhase section */

/* Begin PBXTargetDependency section */
		1247490229B1F8C8009A3510 /* PBXTargetDependency */ = {
			isa = PBXTargetDependency;
			target = 124748E929B1F8C5009A3510 /* Not Uygulamasi */;
			targetProxy = 1247490129B1F8C8009A3510 /* PBXContainerItemProxy */;
		};
		1247490C29B1F8C8009A3510 /* PBXTargetDependency */ = {
			isa = PBXTargetDependency;
			target = 124748E929B1F8C5009A3510 /* Not Uygulamasi */;
			targetProxy = 1247490B29B1F8C8009A3510 /* PBXContainerItemProxy */;
		};
/* End PBXTargetDependency section */

/* Begin PBXVariantGroup section */
		124748F329B1F8C5009A3510 /* Main.storyboard */ = {
			isa = PBXVariantGroup;
			children = (
				124748F429B1F8C5009A3510 /* Base */,
			);
			name = Main.storyboard;
			sourceTree = "<group>";
		};
		124748F829B1F8C8009A3510 /* LaunchScreen.storyboard */ = {
			isa = PBXVariantGroup;
			children = (
				124748F929B1F8C8009A3510 /* Base */,
			);
			name = LaunchScreen.storyboard;
			sourceTree = "<group>";
		};
/* End PBXVariantGroup section */

/* Begin XCBuildConfiguration section */
		1247491229B1F8C8009A3510 /* Debug */ = {
			isa = XCBuildConfiguration;
			buildSettings = {
				ALWAYS_SEARCH_USER_PATHS = NO;
				CLANG_ANALYZER_NONNULL = YES;
				CLANG_ANALYZER_NUMBER_OBJECT_CONVERSION = YES_AGGRESSIVE;
				CLANG_CXX_LANGUAGE_STANDARD = "gnu++20";
				CLANG_ENABLE_MODULES = YES;
				CLANG_ENABLE_OBJC_ARC = YES;
				CLANG_ENABLE_OBJC_WEAK = YES;
				CLANG_WARN_BLOCK_CAPTURE_AUTORELEASING = YES;
				CLANG_WARN_BOOL_CONVERSION = YES;
				CLANG_WARN_COMMA = YES;
				CLANG_WARN_CONSTANT_CONVERSION = YES;
				CLANG_WARN_DEPRECATED_OBJC_IMPLEMENTATIONS = YES;
				CLANG_WARN_DIRECT_OBJC_ISA_USAGE = YES_ERROR;
				CLANG_WARN_DOCUMENTATION_COMMENTS = YES;
				CLANG_WARN_EMPTY_BODY = YES;
				CLANG_WARN_ENUM_CONVERSION = YES;
				CLANG_WARN_INFINITE_RECURSION = YES;
				CLANG_WARN_INT_CONVERSION = YES;
				CLANG_WARN_NON_LITERAL_NULL_CONVERSION = YES;
				CLANG_WARN_OBJC_IMPLICIT_RETAIN_SELF = YES;
				CLANG_WARN_OBJC_LITERAL_CONVERSION = YES;
				CLANG_WARN_OBJC_ROOT_CLASS = YES_ERROR;
				CLANG_WARN_QUOTED_INCLUDE_IN_FRAMEWORK_HEADER = YES;
				CLANG_WARN_RANGE_LOOP_ANALYSIS = YES;
				CLANG_WARN_STRICT_PROTOTYPES = YES;
				CLANG_WARN_SUSPICIOUS_MOVE = YES;
				CLANG_WARN_UNGUARDED_AVAILABILITY = YES_AGGRESSIVE;
				CLANG_WARN_UNREACHABLE_CODE = YES;
				CLANG_WARN__DUPLICATE_METHOD_MATCH = YES;
				COPY_PHASE_STRIP = NO;
				DEBUG_INFORMATION_FORMAT = dwarf;
				ENABLE_STRICT_OBJC_MSGSEND = YES;
				ENABLE_TESTABILITY = YES;
				GCC_C_LANGUAGE_STANDARD = gnu11;
				GCC_DYNAMIC_NO_PIC = NO;
				GCC_NO_COMMON_BLOCKS = YES;
				GCC_OPTIMIZATION_LEVEL = 0;
				GCC_PREPROCESSOR_DEFINITIONS = (
					"DEBUG=1",
					"$(inherited)",
				);
				GCC_WARN_64_TO_32_BIT_CONVERSION = YES;
				GCC_WARN_ABOUT_RETURN_TYPE = YES_ERROR;
				GCC_WARN_UNDECLARED_SELECTOR = YES;
				GCC_WARN_UNINITIALIZED_AUTOS = YES_AGGRESSIVE;
				GCC_WARN_UNUSED_FUNCTION = YES;
				GCC_WARN_UNUSED_VARIABLE = YES;
				IPHONEOS_DEPLOYMENT_TARGET = 16.2;
				MTL_ENABLE_DEBUG_INFO = INCLUDE_SOURCE;
				MTL_FAST_MATH = YES;
				ONLY_ACTIVE_ARCH = YES;
				SDKROOT = iphoneos;
				SWIFT_ACTIVE_COMPILATION_CONDITIONS = DEBUG;
				SWIFT_OPTIMIZATION_LEVEL = "-Onone";
			};
			name = Debug;
		};
		1247491329B1F8C8009A3510 /* Release */ = {
			isa = XCBuildConfiguration;
			buildSettings = {
				ALWAYS_SEARCH_USER_PATHS = NO;
				CLANG_ANALYZER_NONNULL = YES;
				CLANG_ANALYZER_NUMBER_OBJECT_CONVERSION = YES_AGGRESSIVE;
				CLANG_CXX_LANGUAGE_STANDARD = "gnu++20";
				CLANG_ENABLE_MODULES = YES;
				CLANG_ENABLE_OBJC_ARC = YES;
				CLANG_ENABLE_OBJC_WEAK = YES;
				CLANG_WARN_BLOCK_CAPTURE_AUTORELEASING = YES;
				CLANG_WARN_BOOL_CONVERSION = YES;
				CLANG_WARN_COMMA = YES;
				CLANG_WARN_CONSTANT_CONVERSION = YES;
				CLANG_WARN_DEPRECATED_OBJC_IMPLEMENTATIONS = YES;
				CLANG_WARN_DIRECT_OBJC_ISA_USAGE = YES_ERROR;
				CLANG_WARN_DOCUMENTATION_COMMENTS = YES;
				CLANG_WARN_EMPTY_BODY = YES;
				CLANG_WARN_ENUM_CONVERSION = YES;
				CLANG_WARN_INFINITE_RECURSION = YES;
				CLANG_WARN_INT_CONVERSION = YES;
				CLANG_WARN_NON_LITERAL_NULL_CONVERSION = YES;
				CLANG_WARN_OBJC_IMPLICIT_RETAIN_SELF = YES;
				CLANG_WARN_OBJC_LITERAL_CONVERSION = YES;
				CLANG_WARN_OBJC_ROOT_CLASS = YES_ERROR;
				CLANG_WARN_QUOTED_INCLUDE_IN_FRAMEWORK_HEADER = YES;
				CLANG_WARN_RANGE_LOOP_ANALYSIS = YES;
				CLANG_WARN_STRICT_PROTOTYPES = YES;
				CLANG_WARN_SUSPICIOUS_MOVE = YES;
				CLANG_WARN_UNGUARDED_AVAILABILITY = YES_AGGRESSIVE;
				CLANG_WARN_UNREACHABLE_CODE = YES;
				CLANG_WARN__DUPLICATE_METHOD_MATCH = YES;
				COPY_PHASE_STRIP = NO;
				DEBUG_INFORMATION_FORMAT = "dwarf-with-dsym";
				ENABLE_NS_ASSERTIONS = NO;
				ENABLE_STRICT_OBJC_MSGSEND = YES;
				GCC_C_LANGUAGE_STANDARD = gnu11;
				GCC_NO_COMMON_BLOCKS = YES;
				GCC_WARN_64_TO_32_BIT_CONVERSION = YES;
				GCC_WARN_ABOUT_RETURN_TYPE = YES_ERROR;
				GCC_WARN_UNDECLARED_SELECTOR = YES;
				GCC_WARN_UNINITIALIZED_AUTOS = YES_AGGRESSIVE;
				GCC_WARN_UNUSED_FUNCTION = YES;
				GCC_WARN_UNUSED_VARIABLE = YES;
				IPHONEOS_DEPLOYMENT_TARGET = 16.2;
				MTL_ENABLE_DEBUG_INFO = NO;
				MTL_FAST_MATH = YES;
				SDKROOT = iphoneos;
				SWIFT_COMPILATION_MODE = wholemodule;
				SWIFT_OPTIMIZATION_LEVEL = "-O";
				VALIDATE_PRODUCT = YES;
			};
			name = Release;
		};
		1247491529B1F8C8009A3510 /* Debug */ = {
			isa = XCBuildConfiguration;
			buildSettings = {
				ASSETCATALOG_COMPILER_APPICON_NAME = AppIcon;
				ASSETCATALOG_COMPILER_GLOBAL_ACCENT_COLOR_NAME = AccentColor;
				CODE_SIGN_STYLE = Automatic;
				CURRENT_PROJECT_VERSION = 1;
				GENERATE_INFOPLIST_FILE = YES;
				INFOPLIST_FILE = "Not Uygulamasi/Info.plist";
				INFOPLIST_KEY_UIApplicationSupportsIndirectInputEvents = YES;
				INFOPLIST_KEY_UILaunchStoryboardName = LaunchScreen;
				INFOPLIST_KEY_UIMainStoryboardFile = Main;
				INFOPLIST_KEY_UISupportedInterfaceOrientations_iPad = "UIInterfaceOrientationPortrait UIInterfaceOrientationPortraitUpsideDown UIInterfaceOrientationLandscapeLeft UIInterfaceOrientationLandscapeRight";
				INFOPLIST_KEY_UISupportedInterfaceOrientations_iPhone = "UIInterfaceOrientationPortrait UIInterfaceOrientationLandscapeLeft UIInterfaceOrientationLandscapeRight";
				LD_RUNPATH_SEARCH_PATHS = (
					"$(inherited)",
					"@executable_path/Frameworks",
				);
				MARKETING_VERSION = 1.0;
				PRODUCT_BUNDLE_IDENTIFIER = "info.Not-Uygulamasi";
				PRODUCT_NAME = "$(TARGET_NAME)";
				SWIFT_EMIT_LOC_STRINGS = YES;
				SWIFT_VERSION = 5.0;
				TARGETED_DEVICE_FAMILY = "1,2";
			};
			name = Debug;
		};
		1247491629B1F8C8009A3510 /* Release */ = {
			isa = XCBuildConfiguration;
			buildSettings = {
				ASSETCATALOG_COMPILER_APPICON_NAME = AppIcon;
				ASSETCATALOG_COMPILER_GLOBAL_ACCENT_COLOR_NAME = AccentColor;
				CODE_SIGN_STYLE = Automatic;
				CURRENT_PROJECT_VERSION = 1;
				GENERATE_INFOPLIST_FILE = YES;
				INFOPLIST_FILE = "Not Uygulamasi/Info.plist";
				INFOPLIST_KEY_UIApplicationSupportsIndirectInputEvents = YES;
				INFOPLIST_KEY_UILaunchStoryboardName = LaunchScreen;
				INFOPLIST_KEY_UIMainStoryboardFile = Main;
				INFOPLIST_KEY_UISupportedInterfaceOrientations_iPad = "UIInterfaceOrientationPortrait UIInterfaceOrientationPortraitUpsideDown UIInterfaceOrientationLandscapeLeft UIInterfaceOrientationLandscapeRight";
				INFOPLIST_KEY_UISupportedInterfaceOrientations_iPhone = "UIInterfaceOrientationPortrait UIInterfaceOrientationLandscapeLeft UIInterfaceOrientationLandscapeRight";
				LD_RUNPATH_SEARCH_PATHS = (
					"$(inherited)",
					"@executable_path/Frameworks",
				);
				MARKETING_VERSION = 1.0;
				PRODUCT_BUNDLE_IDENTIFIER = "info.Not-Uygulamasi";
				PRODUCT_NAME = "$(TARGET_NAME)";
				SWIFT_EMIT_LOC_STRINGS = YES;
				SWIFT_VERSION = 5.0;
				TARGETED_DEVICE_FAMILY = "1,2";
			};
			name = Release;
		};
		1247491829B1F8C8009A3510 /* Debug */ = {
			isa = XCBuildConfiguration;
			buildSettings = {
				ALWAYS_EMBED_SWIFT_STANDARD_LIBRARIES = YES;
				BUNDLE_LOADER = "$(TEST_HOST)";
				CODE_SIGN_STYLE = Automatic;
				CURRENT_PROJECT_VERSION = 1;
				GENERATE_INFOPLIST_FILE = YES;
				IPHONEOS_DEPLOYMENT_TARGET = 16.2;
				MARKETING_VERSION = 1.0;
				PRODUCT_BUNDLE_IDENTIFIER = "info.Not-UygulamasiTests";
				PRODUCT_NAME = "$(TARGET_NAME)";
				SWIFT_EMIT_LOC_STRINGS = NO;
				SWIFT_VERSION = 5.0;
				TARGETED_DEVICE_FAMILY = "1,2";
				TEST_HOST = "$(BUILT_PRODUCTS_DIR)/Not Uygulamasi.app/$(BUNDLE_EXECUTABLE_FOLDER_PATH)/Not Uygulamasi";
			};
			name = Debug;
		};
		1247491929B1F8C8009A3510 /* Release */ = {
			isa = XCBuildConfiguration;
			buildSettings = {
				ALWAYS_EMBED_SWIFT_STANDARD_LIBRARIES = YES;
				BUNDLE_LOADER = "$(TEST_HOST)";
				CODE_SIGN_STYLE = Automatic;
				CURRENT_PROJECT_VERSION = 1;
				GENERATE_INFOPLIST_FILE = YES;
				IPHONEOS_DEPLOYMENT_TARGET = 16.2;
				MARKETING_VERSION = 1.0;
				PRODUCT_BUNDLE_IDENTIFIER = "info.Not-UygulamasiTests";
				PRODUCT_NAME = "$(TARGET_NAME)";
				SWIFT_EMIT_LOC_STRINGS = NO;
				SWIFT_VERSION = 5.0;
				TARGETED_DEVICE_FAMILY = "1,2";
				TEST_HOST = "$(BUILT_PRODUCTS_DIR)/Not Uygulamasi.app/$(BUNDLE_EXECUTABLE_FOLDER_PATH)/Not Uygulamasi";
			};
			name = Release;
		};
		1247491B29B1F8C8009A3510 /* Debug */ = {
			isa = XCBuildConfiguration;
			buildSettings = {
				ALWAYS_EMBED_SWIFT_STANDARD_LIBRARIES = YES;
				CODE_SIGN_STYLE = Automatic;
				CURRENT_PROJECT_VERSION = 1;
				GENERATE_INFOPLIST_FILE = YES;
				MARKETING_VERSION = 1.0;
				PRODUCT_BUNDLE_IDENTIFIER = "info.Not-UygulamasiUITests";
				PRODUCT_NAME = "$(TARGET_NAME)";
				SWIFT_EMIT_LOC_STRINGS = NO;
				SWIFT_VERSION = 5.0;
				TARGETED_DEVICE_FAMILY = "1,2";
				TEST_TARGET_NAME = "Not Uygulamasi";
			};
			name = Debug;
		};
		1247491C29B1F8C8009A3510 /* Release */ = {
			isa = XCBuildConfiguration;
			buildSettings = {
				ALWAYS_EMBED_SWIFT_STANDARD_LIBRARIES = YES;
				CODE_SIGN_STYLE = Automatic;
				CURRENT_PROJECT_VERSION = 1;
				GENERATE_INFOPLIST_FILE = YES;
				MARKETING_VERSION = 1.0;
				PRODUCT_BUNDLE_IDENTIFIER = "info.Not-UygulamasiUITests";
				PRODUCT_NAME = "$(TARGET_NAME)";
				SWIFT_EMIT_LOC_STRINGS = NO;
				SWIFT_VERSION = 5.0;
				TARGETED_DEVICE_FAMILY = "1,2";
				TEST_TARGET_NAME = "Not Uygulamasi";
			};
			name = Release;
		};
/* End XCBuildConfiguration section */

/* Begin XCConfigurationList section */
		124748E529B1F8C5009A3510 /* Build configuration list for PBXProject "Not Uygulamasi" */ = {
			isa = XCConfigurationList;
			buildConfigurations = (
				1247491229B1F8C8009A3510 /* Debug */,
				1247491329B1F8C8009A3510 /* Release */,
			);
			defaultConfigurationIsVisible = 0;
			defaultConfigurationName = Release;
		};
		1247491429B1F8C8009A3510 /* Build configuration list for PBXNativeTarget "Not Uygulamasi" */ = {
			isa = XCConfigurationList;
			buildConfigurations = (
				1247491529B1F8C8009A3510 /* Debug */,
				1247491629B1F8C8009A3510 /* Release */,
			);
			defaultConfigurationIsVisible = 0;
			defaultConfigurationName = Release;
		};
		1247491729B1F8C8009A3510 /* Build configuration list for PBXNativeTarget "Not UygulamasiTests" */ = {
			isa = XCConfigurationList;
			buildConfigurations = (
				1247491829B1F8C8009A3510 /* Debug */,
				1247491929B1F8C8009A3510 /* Release */,
			);
			defaultConfigurationIsVisible = 0;
			defaultConfigurationName = Release;
		};
		1247491A29B1F8C8009A3510 /* Build configuration list for PBXNativeTarget "Not UygulamasiUITests" */ = {
			isa = XCConfigurationList;
			buildConfigurations = (
				1247491B29B1F8C8009A3510 /* Debug */,
				1247491C29B1F8C8009A3510 /* Release */,
			);
			defaultConfigurationIsVisible = 0;
			defaultConfigurationName = Release;
		};
/* End XCConfigurationList section */
	};
	rootObject = 124748E229B1F8C5009A3510 /* Project object */;
}
